
Microsoft Visual Studio Solution File, Format Version 12.00
# Visual Studio Version 16
VisualStudioVersion = 16.0.31729.503
MinimumVisualStudioVersion = 10.0.40219.1
Project("{FAE04EC0-301F-11D3-BF4B-00C04F79EFBC}") = "Задача1", "Задача1\Задача1.csproj", "{A94C0CFC-989C-467D-A661-6007DDDB91A8}"
EndProject
Project("{FAE04EC0-301F-11D3-BF4B-00C04F79EFBC}") = "Задача2", "Задача2\Задача2.csproj", "{9C3B0B7F-4197-4687-9628-F334ACDD9489}"
EndProject
Global
	GlobalSection(SolutionConfigurationPlatforms) = preSolution
		Debug|Any CPU = Debug|Any CPU
		Release|Any CPU = Release|Any CPU
	EndGlobalSection
	GlobalSection(ProjectConfigurationPlatforms) = postSolution
		{A94C0CFC-989C-467D-A661-6007DDDB91A8}.Debug|Any CPU.ActiveCfg = Debug|Any CPU
		{A94C0CFC-989C-467D-A661-6007DDDB91A8}.Debug|Any CPU.Build.0 = Debug|Any CPU
		{A94C0CFC-989C-467D-A661-6007DDDB91A8}.Release|Any CPU.ActiveCfg = Release|Any CPU
		{A94C0CFC-989C-467D-A661-6007DDDB91A8}.Release|Any CPU.Build.0 = Release|Any CPU
		{9C3B0B7F-4197-4687-9628-F334ACDD9489}.Debug|Any CPU.ActiveCfg = Debug|Any CPU
		{9C3B0B7F-4197-4687-9628-F334ACDD9489}.Debug|Any CPU.Build.0 = Debug|Any CPU
		{9C3B0B7F-4197-4687-9628-F334ACDD9489}.Release|Any CPU.ActiveCfg = Release|Any CPU
		{9C3B0B7F-4197-4687-9628-F334ACDD9489}.Release|Any CPU.Build.0 = Release|Any CPU
	EndGlobalSection
	GlobalSection(SolutionProperties) = preSolution
		HideSolutionNode = FALSE
	EndGlobalSection
	GlobalSection(ExtensibilityGlobals) = postSolution
		SolutionGuid = {EC4EEE9C-E0C7-4B99-8D1B-4FF5083B0BC8}
	EndGlobalSection
EndGlobal
